
Microsoft Visual Studio Solution File, Format Version 12.00
# Visual Studio Version 17
VisualStudioVersion = 17.7.34221.43
MinimumVisualStudioVersion = 10.0.40219.1
Project("{FAE04EC0-301F-11D3-BF4B-00C04F79EFBC}") = "LB13", "LB13\LB13.csproj", "{1B470A2B-04E2-4AA0-95C8-D713687E3456}"
EndProject
Global
	GlobalSection(SolutionConfigurationPlatforms) = preSolution
		Debug|Any CPU = Debug|Any CPU
		Release|Any CPU = Release|Any CPU
	EndGlobalSection
	GlobalSection(ProjectConfigurationPlatforms) = postSolution
		{1B470A2B-04E2-4AA0-95C8-D713687E3456}.Debug|Any CPU.ActiveCfg = Debug|Any CPU
		{1B470A2B-04E2-4AA0-95C8-D713687E3456}.Debug|Any CPU.Build.0 = Debug|Any CPU
		{1B470A2B-04E2-4AA0-95C8-D713687E3456}.Release|Any CPU.ActiveCfg = Release|Any CPU
		{1B470A2B-04E2-4AA0-95C8-D713687E3456}.Release|Any CPU.Build.0 = Release|Any CPU
	EndGlobalSection
	GlobalSection(SolutionProperties) = preSolution
		HideSolutionNode = FALSE
	EndGlobalSection
	GlobalSection(ExtensibilityGlobals) = postSolution
		SolutionGuid = {21AA140A-3F5E-4D91-A419-81258BF1A63F}
	EndGlobalSection
EndGlobal
